
Microsoft Visual Studio Solution File, Format Version 12.00
# Visual Studio Version 17
VisualStudioVersion = 17.3.32819.101
MinimumVisualStudioVersion = 10.0.40219.1
Project("{00D1A9C2-B5F0-4AF3-8072-F6C62B433612}") = "DataModel", "DataModel.sqlproj", "{EDDC9BC6-0435-4326-97E9-907727414787}"
EndProject
Global
	GlobalSection(SolutionConfigurationPlatforms) = preSolution
		Debug|Any CPU = Debug|Any CPU
		Release|Any CPU = Release|Any CPU
	EndGlobalSection
	GlobalSection(ProjectConfigurationPlatforms) = postSolution
		{EDDC9BC6-0435-4326-97E9-907727414787}.Debug|Any CPU.ActiveCfg = Debug|Any CPU
		{EDDC9BC6-0435-4326-97E9-907727414787}.Debug|Any CPU.Build.0 = Debug|Any CPU
		{EDDC9BC6-0435-4326-97E9-907727414787}.Debug|Any CPU.Deploy.0 = Debug|Any CPU
		{EDDC9BC6-0435-4326-97E9-907727414787}.Release|Any CPU.ActiveCfg = Release|Any CPU
		{EDDC9BC6-0435-4326-97E9-907727414787}.Release|Any CPU.Build.0 = Release|Any CPU
		{EDDC9BC6-0435-4326-97E9-907727414787}.Release|Any CPU.Deploy.0 = Release|Any CPU
	EndGlobalSection
	GlobalSection(SolutionProperties) = preSolution
		HideSolutionNode = FALSE
	EndGlobalSection
	GlobalSection(ExtensibilityGlobals) = postSolution
		SolutionGuid = {79F19DDA-04DB-4858-93C4-BE9DD0615B32}
	EndGlobalSection
EndGlobal
